
Microsoft Visual Studio Solution File, Format Version 12.00
# Visual Studio Version 17
VisualStudioVersion = 17.3.32825.248
MinimumVisualStudioVersion = 10.0.40219.1
Project("{9A19103F-16F7-4668-BE54-9A1E7A4F7556}") = "InsuranceAgency", "InsuranceAgency\InsuranceAgency.csproj", "{32142760-581C-4A0C-9621-E66FED831007}"
EndProject
Project("{9A19103F-16F7-4668-BE54-9A1E7A4F7556}") = "InsuranceAgency.Core", "InsuranceAgency.Core\InsuranceAgency.Core.csproj", "{15214661-2BDF-4FE4-9F29-D01B949829E3}"
EndProject
Project("{9A19103F-16F7-4668-BE54-9A1E7A4F7556}") = "InsuranceAgency.Data", "InsuranceAgency.Data\InsuranceAgency.Data.csproj", "{F1A452F0-ED7E-41A1-8F4A-714EBB939F18}"
EndProject
Global
	GlobalSection(SolutionConfigurationPlatforms) = preSolution
		Debug|Any CPU = Debug|Any CPU
		Release|Any CPU = Release|Any CPU
	EndGlobalSection
	GlobalSection(ProjectConfigurationPlatforms) = postSolution
		{32142760-581C-4A0C-9621-E66FED831007}.Debug|Any CPU.ActiveCfg = Debug|Any CPU
		{32142760-581C-4A0C-9621-E66FED831007}.Debug|Any CPU.Build.0 = Debug|Any CPU
		{32142760-581C-4A0C-9621-E66FED831007}.Release|Any CPU.ActiveCfg = Release|Any CPU
		{32142760-581C-4A0C-9621-E66FED831007}.Release|Any CPU.Build.0 = Release|Any CPU
		{15214661-2BDF-4FE4-9F29-D01B949829E3}.Debug|Any CPU.ActiveCfg = Debug|Any CPU
		{15214661-2BDF-4FE4-9F29-D01B949829E3}.Debug|Any CPU.Build.0 = Debug|Any CPU
		{15214661-2BDF-4FE4-9F29-D01B949829E3}.Release|Any CPU.ActiveCfg = Release|Any CPU
		{15214661-2BDF-4FE4-9F29-D01B949829E3}.Release|Any CPU.Build.0 = Release|Any CPU
		{F1A452F0-ED7E-41A1-8F4A-714EBB939F18}.Debug|Any CPU.ActiveCfg = Debug|Any CPU
		{F1A452F0-ED7E-41A1-8F4A-714EBB939F18}.Debug|Any CPU.Build.0 = Debug|Any CPU
		{F1A452F0-ED7E-41A1-8F4A-714EBB939F18}.Release|Any CPU.ActiveCfg = Release|Any CPU
		{F1A452F0-ED7E-41A1-8F4A-714EBB939F18}.Release|Any CPU.Build.0 = Release|Any CPU
	EndGlobalSection
	GlobalSection(SolutionProperties) = preSolution
		HideSolutionNode = FALSE
	EndGlobalSection
	GlobalSection(ExtensibilityGlobals) = postSolution
		SolutionGuid = {3B6BD587-8095-471B-9375-86858C9B9269}
	EndGlobalSection
EndGlobal
